
Microsoft Visual Studio Solution File, Format Version 12.00
# Visual Studio Version 17
VisualStudioVersion = 17.14.36414.22
MinimumVisualStudioVersion = 10.0.40219.1
Project("{FAE04EC0-301F-11D3-BF4B-00C04F79EFBC}") = "BankAccount", "BankAccount\BankAccount.csproj", "{9FEF274F-81B9-449A-96B6-103336A8A466}"
EndProject
Global
	GlobalSection(SolutionConfigurationPlatforms) = preSolution
		Debug|Any CPU = Debug|Any CPU
		Release|Any CPU = Release|Any CPU
	EndGlobalSection
	GlobalSection(ProjectConfigurationPlatforms) = postSolution
		{9FEF274F-81B9-449A-96B6-103336A8A466}.Debug|Any CPU.ActiveCfg = Debug|Any CPU
		{9FEF274F-81B9-449A-96B6-103336A8A466}.Debug|Any CPU.Build.0 = Debug|Any CPU
		{9FEF274F-81B9-449A-96B6-103336A8A466}.Release|Any CPU.ActiveCfg = Release|Any CPU
		{9FEF274F-81B9-449A-96B6-103336A8A466}.Release|Any CPU.Build.0 = Release|Any CPU
	EndGlobalSection
	GlobalSection(SolutionProperties) = preSolution
		HideSolutionNode = FALSE
	EndGlobalSection
	GlobalSection(ExtensibilityGlobals) = postSolution
		SolutionGuid = {D7FBC75B-EA06-4F06-9862-FE22AEDE4CBF}
	EndGlobalSection
EndGlobal
