
Microsoft Visual Studio Solution File, Format Version 12.00
# Visual Studio Version 17
VisualStudioVersion = 17.14.36414.22 d17.14
MinimumVisualStudioVersion = 10.0.40219.1
Project("{FAE04EC0-301F-11D3-BF4B-00C04F79EFBC}") = "BankAccount", "BankAccount\BankAccount.csproj", "{EF9EB390-F892-47F8-8053-ACE8B397B789}"
EndProject
Global
	GlobalSection(SolutionConfigurationPlatforms) = preSolution
		Debug|Any CPU = Debug|Any CPU
		Release|Any CPU = Release|Any CPU
	EndGlobalSection
	GlobalSection(ProjectConfigurationPlatforms) = postSolution
		{EF9EB390-F892-47F8-8053-ACE8B397B789}.Debug|Any CPU.ActiveCfg = Debug|Any CPU
		{EF9EB390-F892-47F8-8053-ACE8B397B789}.Debug|Any CPU.Build.0 = Debug|Any CPU
		{EF9EB390-F892-47F8-8053-ACE8B397B789}.Release|Any CPU.ActiveCfg = Release|Any CPU
		{EF9EB390-F892-47F8-8053-ACE8B397B789}.Release|Any CPU.Build.0 = Release|Any CPU
	EndGlobalSection
	GlobalSection(SolutionProperties) = preSolution
		HideSolutionNode = FALSE
	EndGlobalSection
	GlobalSection(ExtensibilityGlobals) = postSolution
		SolutionGuid = {0A27BD2E-E846-44CE-9B03-6F0B4133A22A}
	EndGlobalSection
EndGlobal
