
Microsoft Visual Studio Solution File, Format Version 12.00
# Visual Studio Version 17
VisualStudioVersion = 17.14.36414.22 d17.14
MinimumVisualStudioVersion = 10.0.40219.1
Project("{FAE04EC0-301F-11D3-BF4B-00C04F79EFBC}") = "RecruitingSite", "RecruitingSite\RecruitingSite.csproj", "{DCB3FD64-8038-4064-89E8-8FFCD3F84DEB}"
EndProject
Global
	GlobalSection(SolutionConfigurationPlatforms) = preSolution
		Debug|Any CPU = Debug|Any CPU
		Release|Any CPU = Release|Any CPU
	EndGlobalSection
	GlobalSection(ProjectConfigurationPlatforms) = postSolution
		{DCB3FD64-8038-4064-89E8-8FFCD3F84DEB}.Debug|Any CPU.ActiveCfg = Debug|Any CPU
		{DCB3FD64-8038-4064-89E8-8FFCD3F84DEB}.Debug|Any CPU.Build.0 = Debug|Any CPU
		{DCB3FD64-8038-4064-89E8-8FFCD3F84DEB}.Release|Any CPU.ActiveCfg = Release|Any CPU
		{DCB3FD64-8038-4064-89E8-8FFCD3F84DEB}.Release|Any CPU.Build.0 = Release|Any CPU
	EndGlobalSection
	GlobalSection(SolutionProperties) = preSolution
		HideSolutionNode = FALSE
	EndGlobalSection
	GlobalSection(ExtensibilityGlobals) = postSolution
		SolutionGuid = {91F0FF0E-BEB4-4BE4-8556-34F6E17B206D}
	EndGlobalSection
EndGlobal
